
Microsoft Visual Studio Solution File, Format Version 12.00
# Visual Studio Version 16
VisualStudioVersion = 16.0.30517.126
MinimumVisualStudioVersion = 10.0.40219.1
Project("{FAE04EC0-301F-11D3-BF4B-00C04F79EFBC}") = "Одномерные массивы", "Одномерные массивы\Одномерные массивы.csproj", "{060CA40D-BF2C-4CD1-9422-DA6C8FBDDF3B}"
EndProject
Global
	GlobalSection(SolutionConfigurationPlatforms) = preSolution
		Debug|Any CPU = Debug|Any CPU
		Release|Any CPU = Release|Any CPU
	EndGlobalSection
	GlobalSection(ProjectConfigurationPlatforms) = postSolution
		{060CA40D-BF2C-4CD1-9422-DA6C8FBDDF3B}.Debug|Any CPU.ActiveCfg = Debug|Any CPU
		{060CA40D-BF2C-4CD1-9422-DA6C8FBDDF3B}.Debug|Any CPU.Build.0 = Debug|Any CPU
		{060CA40D-BF2C-4CD1-9422-DA6C8FBDDF3B}.Release|Any CPU.ActiveCfg = Release|Any CPU
		{060CA40D-BF2C-4CD1-9422-DA6C8FBDDF3B}.Release|Any CPU.Build.0 = Release|Any CPU
	EndGlobalSection
	GlobalSection(SolutionProperties) = preSolution
		HideSolutionNode = FALSE
	EndGlobalSection
	GlobalSection(ExtensibilityGlobals) = postSolution
		SolutionGuid = {54262314-064E-4831-A2A6-F065F75F6B9A}
	EndGlobalSection
EndGlobal
